
Microsoft Visual Studio Solution File, Format Version 12.00
# Visual Studio Version 17
VisualStudioVersion = 17.1.32113.165
MinimumVisualStudioVersion = 10.0.40219.1
Project("{FAE04EC0-301F-11D3-BF4B-00C04F79EFBC}") = "WinstaNext", "WinstaNext\WinstaNext.csproj", "{B4747637-F8EB-49AD-9D22-1BF10C0E6B3A}"
EndProject
Project("{9A19103F-16F7-4668-BE54-9A1E7A4F7556}") = "InstagramApiSharp.UWP", "..\InstagramApiSharpMine\src\InstagramApiSharp\InstagramApiSharp.UWP.csproj", "{ECC0DEFB-3034-44C2-A4B6-AA443F07D942}"
EndProject
Project("{FAE04EC0-301F-11D3-BF4B-00C04F79EFBC}") = "WinstaBackgroundHelpers", "WinstaBackgroundHelpers\WinstaBackgroundHelpers.csproj", "{8ACDB63F-98AA-4DE6-95C5-C2D96F098CFA}"
EndProject
Project("{9A19103F-16F7-4668-BE54-9A1E7A4F7556}") = "Thrift", "Thrift\Thrift.csproj", "{4421EC95-5CF6-4225-AA81-1FF3748FD5F5}"
EndProject
Project("{FAE04EC0-301F-11D3-BF4B-00C04F79EFBC}") = "WinstaBackgroundTask", "WinstaBackgroundTask\WinstaBackgroundTask.csproj", "{0D44F4AD-A357-44A8-8202-EBECD46C575D}"
EndProject
Project("{FAE04EC0-301F-11D3-BF4B-00C04F79EFBC}") = "WinstaCore", "WinstaCore\WinstaCore.csproj", "{898C6B7E-C8FE-418F-9348-B32DA493FA10}"
EndProject
Project("{FAE04EC0-301F-11D3-BF4B-00C04F79EFBC}") = "NotificationHandler", "NotificationHandler\NotificationHandler.csproj", "{F2F2EE57-376B-4456-9D11-F641B86D771B}"
EndProject
Project("{FAE04EC0-301F-11D3-BF4B-00C04F79EFBC}") = "MinistaLivePlayback", "MinistaLivePlayback\MinistaLivePlayback.csproj", "{86A0B47F-5CD2-42A0-8543-50CD63A10F4E}"
EndProject
Global
	GlobalSection(SolutionConfigurationPlatforms) = preSolution
		Debug|Any CPU = Debug|Any CPU
		Debug|ARM = Debug|ARM
		Debug|ARM64 = Debug|ARM64
		Debug|x64 = Debug|x64
		Debug|x86 = Debug|x86
		Release|Any CPU = Release|Any CPU
		Release|ARM = Release|ARM
		Release|ARM64 = Release|ARM64
		Release|x64 = Release|x64
		Release|x86 = Release|x86
	EndGlobalSection
	GlobalSection(ProjectConfigurationPlatforms) = postSolution
		{B4747637-F8EB-49AD-9D22-1BF10C0E6B3A}.Debug|Any CPU.ActiveCfg = Debug|x64
		{B4747637-F8EB-49AD-9D22-1BF10C0E6B3A}.Debug|Any CPU.Build.0 = Debug|x64
		{B4747637-F8EB-49AD-9D22-1BF10C0E6B3A}.Debug|Any CPU.Deploy.0 = Debug|x64
		{B4747637-F8EB-49AD-9D22-1BF10C0E6B3A}.Debug|ARM.ActiveCfg = Debug|ARM
		{B4747637-F8EB-49AD-9D22-1BF10C0E6B3A}.Debug|ARM.Build.0 = Debug|ARM
		{B4747637-F8EB-49AD-9D22-1BF10C0E6B3A}.Debug|ARM.Deploy.0 = Debug|ARM
		{B4747637-F8EB-49AD-9D22-1BF10C0E6B3A}.Debug|ARM64.ActiveCfg = Debug|ARM64
		{B4747637-F8EB-49AD-9D22-1BF10C0E6B3A}.Debug|ARM64.Build.0 = Debug|ARM64
		{B4747637-F8EB-49AD-9D22-1BF10C0E6B3A}.Debug|ARM64.Deploy.0 = Debug|ARM64
		{B4747637-F8EB-49AD-9D22-1BF10C0E6B3A}.Debug|x64.ActiveCfg = Debug|x64
		{B4747637-F8EB-49AD-9D22-1BF10C0E6B3A}.Debug|x64.Build.0 = Debug|x64
		{B4747637-F8EB-49AD-9D22-1BF10C0E6B3A}.Debug|x64.Deploy.0 = Debug|x64
		{B4747637-F8EB-49AD-9D22-1BF10C0E6B3A}.Debug|x86.ActiveCfg = Debug|x86
		{B4747637-F8EB-49AD-9D22-1BF10C0E6B3A}.Debug|x86.Build.0 = Debug|x86
		{B4747637-F8EB-49AD-9D22-1BF10C0E6B3A}.Debug|x86.Deploy.0 = Debug|x86
		{B4747637-F8EB-49AD-9D22-1BF10C0E6B3A}.Release|Any CPU.ActiveCfg = Release|x64
		{B4747637-F8EB-49AD-9D22-1BF10C0E6B3A}.Release|Any CPU.Build.0 = Release|x64
		{B4747637-F8EB-49AD-9D22-1BF10C0E6B3A}.Release|Any CPU.Deploy.0 = Release|x64
		{B4747637-F8EB-49AD-9D22-1BF10C0E6B3A}.Release|ARM.ActiveCfg = Release|ARM
		{B4747637-F8EB-49AD-9D22-1BF10C0E6B3A}.Release|ARM.Build.0 = Release|ARM
		{B4747637-F8EB-49AD-9D22-1BF10C0E6B3A}.Release|ARM.Deploy.0 = Release|ARM
		{B4747637-F8EB-49AD-9D22-1BF10C0E6B3A}.Release|ARM64.ActiveCfg = Release|ARM64
		{B4747637-F8EB-49AD-9D22-1BF10C0E6B3A}.Release|ARM64.Build.0 = Release|ARM64
		{B4747637-F8EB-49AD-9D22-1BF10C0E6B3A}.Release|ARM64.Deploy.0 = Release|ARM64
		{B4747637-F8EB-49AD-9D22-1BF10C0E6B3A}.Release|x64.ActiveCfg = Release|x64
		{B4747637-F8EB-49AD-9D22-1BF10C0E6B3A}.Release|x64.Build.0 = Release|x64
		{B4747637-F8EB-49AD-9D22-1BF10C0E6B3A}.Release|x64.Deploy.0 = Release|x64
		{B4747637-F8EB-49AD-9D22-1BF10C0E6B3A}.Release|x86.ActiveCfg = Release|x86
		{B4747637-F8EB-49AD-9D22-1BF10C0E6B3A}.Release|x86.Build.0 = Release|x86
		{B4747637-F8EB-49AD-9D22-1BF10C0E6B3A}.Release|x86.Deploy.0 = Release|x86
		{ECC0DEFB-3034-44C2-A4B6-AA443F07D942}.Debug|Any CPU.ActiveCfg = Debug|Any CPU
		{ECC0DEFB-3034-44C2-A4B6-AA443F07D942}.Debug|Any CPU.Build.0 = Debug|Any CPU
		{ECC0DEFB-3034-44C2-A4B6-AA443F07D942}.Debug|ARM.ActiveCfg = Debug|Any CPU
		{ECC0DEFB-3034-44C2-A4B6-AA443F07D942}.Debug|ARM.Build.0 = Debug|Any CPU
		{ECC0DEFB-3034-44C2-A4B6-AA443F07D942}.Debug|ARM64.ActiveCfg = Debug|Any CPU
		{ECC0DEFB-3034-44C2-A4B6-AA443F07D942}.Debug|ARM64.Build.0 = Debug|Any CPU
		{ECC0DEFB-3034-44C2-A4B6-AA443F07D942}.Debug|x64.ActiveCfg = Debug|Any CPU
		{ECC0DEFB-3034-44C2-A4B6-AA443F07D942}.Debug|x64.Build.0 = Debug|Any CPU
		{ECC0DEFB-3034-44C2-A4B6-AA443F07D942}.Debug|x86.ActiveCfg = Debug|Any CPU
		{ECC0DEFB-3034-44C2-A4B6-AA443F07D942}.Debug|x86.Build.0 = Debug|Any CPU
		{ECC0DEFB-3034-44C2-A4B6-AA443F07D942}.Release|Any CPU.ActiveCfg = Release|Any CPU
		{ECC0DEFB-3034-44C2-A4B6-AA443F07D942}.Release|Any CPU.Build.0 = Release|Any CPU
		{ECC0DEFB-3034-44C2-A4B6-AA443F07D942}.Release|ARM.ActiveCfg = Release|Any CPU
		{ECC0DEFB-3034-44C2-A4B6-AA443F07D942}.Release|ARM.Build.0 = Release|Any CPU
		{ECC0DEFB-3034-44C2-A4B6-AA443F07D942}.Release|ARM64.ActiveCfg = Release|Any CPU
		{ECC0DEFB-3034-44C2-A4B6-AA443F07D942}.Release|ARM64.Build.0 = Release|Any CPU
		{ECC0DEFB-3034-44C2-A4B6-AA443F07D942}.Release|x64.ActiveCfg = Release|Any CPU
		{ECC0DEFB-3034-44C2-A4B6-AA443F07D942}.Release|x64.Build.0 = Release|Any CPU
		{ECC0DEFB-3034-44C2-A4B6-AA443F07D942}.Release|x86.ActiveCfg = Release|Any CPU
		{ECC0DEFB-3034-44C2-A4B6-AA443F07D942}.Release|x86.Build.0 = Release|Any CPU
		{8ACDB63F-98AA-4DE6-95C5-C2D96F098CFA}.Debug|Any CPU.ActiveCfg = Debug|Any CPU
		{8ACDB63F-98AA-4DE6-95C5-C2D96F098CFA}.Debug|Any CPU.Build.0 = Debug|Any CPU
		{8ACDB63F-98AA-4DE6-95C5-C2D96F098CFA}.Debug|ARM.ActiveCfg = Debug|ARM
		{8ACDB63F-98AA-4DE6-95C5-C2D96F098CFA}.Debug|ARM.Build.0 = Debug|ARM
		{8ACDB63F-98AA-4DE6-95C5-C2D96F098CFA}.Debug|ARM64.ActiveCfg = Debug|ARM64
		{8ACDB63F-98AA-4DE6-95C5-C2D96F098CFA}.Debug|ARM64.Build.0 = Debug|ARM64
		{8ACDB63F-98AA-4DE6-95C5-C2D96F098CFA}.Debug|x64.ActiveCfg = Debug|x64
		{8ACDB63F-98AA-4DE6-95C5-C2D96F098CFA}.Debug|x64.Build.0 = Debug|x64
		{8ACDB63F-98AA-4DE6-95C5-C2D96F098CFA}.Debug|x86.ActiveCfg = Debug|x86
		{8ACDB63F-98AA-4DE6-95C5-C2D96F098CFA}.Debug|x86.Build.0 = Debug|x86
		{8ACDB63F-98AA-4DE6-95C5-C2D96F098CFA}.Release|Any CPU.ActiveCfg = Release|Any CPU
		{8ACDB63F-98AA-4DE6-95C5-C2D96F098CFA}.Release|Any CPU.Build.0 = Release|Any CPU
		{8ACDB63F-98AA-4DE6-95C5-C2D96F098CFA}.Release|ARM.ActiveCfg = Release|ARM
		{8ACDB63F-98AA-4DE6-95C5-C2D96F098CFA}.Release|ARM.Build.0 = Release|ARM
		{8ACDB63F-98AA-4DE6-95C5-C2D96F098CFA}.Release|ARM64.ActiveCfg = Release|ARM64
		{8ACDB63F-98AA-4DE6-95C5-C2D96F098CFA}.Release|ARM64.Build.0 = Release|ARM64
		{8ACDB63F-98AA-4DE6-95C5-C2D96F098CFA}.Release|x64.ActiveCfg = Release|x64
		{8ACDB63F-98AA-4DE6-95C5-C2D96F098CFA}.Release|x64.Build.0 = Release|x64
		{8ACDB63F-98AA-4DE6-95C5-C2D96F098CFA}.Release|x86.ActiveCfg = Release|x86
		{8ACDB63F-98AA-4DE6-95C5-C2D96F098CFA}.Release|x86.Build.0 = Release|x86
		{4421EC95-5CF6-4225-AA81-1FF3748FD5F5}.Debug|Any CPU.ActiveCfg = Debug|Any CPU
		{4421EC95-5CF6-4225-AA81-1FF3748FD5F5}.Debug|Any CPU.Build.0 = Debug|Any CPU
		{4421EC95-5CF6-4225-AA81-1FF3748FD5F5}.Debug|ARM.ActiveCfg = Debug|Any CPU
		{4421EC95-5CF6-4225-AA81-1FF3748FD5F5}.Debug|ARM.Build.0 = Debug|Any CPU
		{4421EC95-5CF6-4225-AA81-1FF3748FD5F5}.Debug|ARM64.ActiveCfg = Debug|Any CPU
		{4421EC95-5CF6-4225-AA81-1FF3748FD5F5}.Debug|ARM64.Build.0 = Debug|Any CPU
		{4421EC95-5CF6-4225-AA81-1FF3748FD5F5}.Debug|x64.ActiveCfg = Debug|Any CPU
		{4421EC95-5CF6-4225-AA81-1FF3748FD5F5}.Debug|x64.Build.0 = Debug|Any CPU
		{4421EC95-5CF6-4225-AA81-1FF3748FD5F5}.Debug|x86.ActiveCfg = Debug|Any CPU
		{4421EC95-5CF6-4225-AA81-1FF3748FD5F5}.Debug|x86.Build.0 = Debug|Any CPU
		{4421EC95-5CF6-4225-AA81-1FF3748FD5F5}.Release|Any CPU.ActiveCfg = Release|Any CPU
		{4421EC95-5CF6-4225-AA81-1FF3748FD5F5}.Release|Any CPU.Build.0 = Release|Any CPU
		{4421EC95-5CF6-4225-AA81-1FF3748FD5F5}.Release|ARM.ActiveCfg = Release|Any CPU
		{4421EC95-5CF6-4225-AA81-1FF3748FD5F5}.Release|ARM.Build.0 = Release|Any CPU
		{4421EC95-5CF6-4225-AA81-1FF3748FD5F5}.Release|ARM64.ActiveCfg = Release|Any CPU
		{4421EC95-5CF6-4225-AA81-1FF3748FD5F5}.Release|ARM64.Build.0 = Release|Any CPU
		{4421EC95-5CF6-4225-AA81-1FF3748FD5F5}.Release|x64.ActiveCfg = Release|Any CPU
		{4421EC95-5CF6-4225-AA81-1FF3748FD5F5}.Release|x64.Build.0 = Release|Any CPU
		{4421EC95-5CF6-4225-AA81-1FF3748FD5F5}.Release|x86.ActiveCfg = Release|Any CPU
		{4421EC95-5CF6-4225-AA81-1FF3748FD5F5}.Release|x86.Build.0 = Release|Any CPU
		{0D44F4AD-A357-44A8-8202-EBECD46C575D}.Debug|Any CPU.ActiveCfg = Debug|Any CPU
		{0D44F4AD-A357-44A8-8202-EBECD46C575D}.Debug|Any CPU.Build.0 = Debug|Any CPU
		{0D44F4AD-A357-44A8-8202-EBECD46C575D}.Debug|ARM.ActiveCfg = Debug|ARM
		{0D44F4AD-A357-44A8-8202-EBECD46C575D}.Debug|ARM.Build.0 = Debug|ARM
		{0D44F4AD-A357-44A8-8202-EBECD46C575D}.Debug|ARM64.ActiveCfg = Debug|ARM64
		{0D44F4AD-A357-44A8-8202-EBECD46C575D}.Debug|ARM64.Build.0 = Debug|ARM64
		{0D44F4AD-A357-44A8-8202-EBECD46C575D}.Debug|x64.ActiveCfg = Debug|x64
		{0D44F4AD-A357-44A8-8202-EBECD46C575D}.Debug|x64.Build.0 = Debug|x64
		{0D44F4AD-A357-44A8-8202-EBECD46C575D}.Debug|x86.ActiveCfg = Debug|x86
		{0D44F4AD-A357-44A8-8202-EBECD46C575D}.Debug|x86.Build.0 = Debug|x86
		{0D44F4AD-A357-44A8-8202-EBECD46C575D}.Release|Any CPU.ActiveCfg = Release|Any CPU
		{0D44F4AD-A357-44A8-8202-EBECD46C575D}.Release|Any CPU.Build.0 = Release|Any CPU
		{0D44F4AD-A357-44A8-8202-EBECD46C575D}.Release|ARM.ActiveCfg = Release|ARM
		{0D44F4AD-A357-44A8-8202-EBECD46C575D}.Release|ARM.Build.0 = Release|ARM
		{0D44F4AD-A357-44A8-8202-EBECD46C575D}.Release|ARM64.ActiveCfg = Release|ARM64
		{0D44F4AD-A357-44A8-8202-EBECD46C575D}.Release|ARM64.Build.0 = Release|ARM64
		{0D44F4AD-A357-44A8-8202-EBECD46C575D}.Release|x64.ActiveCfg = Release|x64
		{0D44F4AD-A357-44A8-8202-EBECD46C575D}.Release|x64.Build.0 = Release|x64
		{0D44F4AD-A357-44A8-8202-EBECD46C575D}.Release|x86.ActiveCfg = Release|x86
		{0D44F4AD-A357-44A8-8202-EBECD46C575D}.Release|x86.Build.0 = Release|x86
		{898C6B7E-C8FE-418F-9348-B32DA493FA10}.Debug|Any CPU.ActiveCfg = Debug|Any CPU
		{898C6B7E-C8FE-418F-9348-B32DA493FA10}.Debug|Any CPU.Build.0 = Debug|Any CPU
		{898C6B7E-C8FE-418F-9348-B32DA493FA10}.Debug|ARM.ActiveCfg = Debug|ARM
		{898C6B7E-C8FE-418F-9348-B32DA493FA10}.Debug|ARM.Build.0 = Debug|ARM
		{898C6B7E-C8FE-418F-9348-B32DA493FA10}.Debug|ARM64.ActiveCfg = Debug|ARM64
		{898C6B7E-C8FE-418F-9348-B32DA493FA10}.Debug|ARM64.Build.0 = Debug|ARM64
		{898C6B7E-C8FE-418F-9348-B32DA493FA10}.Debug|x64.ActiveCfg = Debug|x64
		{898C6B7E-C8FE-418F-9348-B32DA493FA10}.Debug|x64.Build.0 = Debug|x64
		{898C6B7E-C8FE-418F-9348-B32DA493FA10}.Debug|x86.ActiveCfg = Debug|x86
		{898C6B7E-C8FE-418F-9348-B32DA493FA10}.Debug|x86.Build.0 = Debug|x86
		{898C6B7E-C8FE-418F-9348-B32DA493FA10}.Release|Any CPU.ActiveCfg = Release|Any CPU
		{898C6B7E-C8FE-418F-9348-B32DA493FA10}.Release|Any CPU.Build.0 = Release|Any CPU
		{898C6B7E-C8FE-418F-9348-B32DA493FA10}.Release|ARM.ActiveCfg = Release|ARM
		{898C6B7E-C8FE-418F-9348-B32DA493FA10}.Release|ARM.Build.0 = Release|ARM
		{898C6B7E-C8FE-418F-9348-B32DA493FA10}.Release|ARM64.ActiveCfg = Release|ARM64
		{898C6B7E-C8FE-418F-9348-B32DA493FA10}.Release|ARM64.Build.0 = Release|ARM64
		{898C6B7E-C8FE-418F-9348-B32DA493FA10}.Release|x64.ActiveCfg = Release|x64
		{898C6B7E-C8FE-418F-9348-B32DA493FA10}.Release|x64.Build.0 = Release|x64
		{898C6B7E-C8FE-418F-9348-B32DA493FA10}.Release|x86.ActiveCfg = Release|x86
		{898C6B7E-C8FE-418F-9348-B32DA493FA10}.Release|x86.Build.0 = Release|x86
		{F2F2EE57-376B-4456-9D11-F641B86D771B}.Debug|Any CPU.ActiveCfg = Debug|Any CPU
		{F2F2EE57-376B-4456-9D11-F641B86D771B}.Debug|Any CPU.Build.0 = Debug|Any CPU
		{F2F2EE57-376B-4456-9D11-F641B86D771B}.Debug|ARM.ActiveCfg = Debug|ARM
		{F2F2EE57-376B-4456-9D11-F641B86D771B}.Debug|ARM.Build.0 = Debug|ARM
		{F2F2EE57-376B-4456-9D11-F641B86D771B}.Debug|ARM64.ActiveCfg = Debug|ARM64
		{F2F2EE57-376B-4456-9D11-F641B86D771B}.Debug|ARM64.Build.0 = Debug|ARM64
		{F2F2EE57-376B-4456-9D11-F641B86D771B}.Debug|x64.ActiveCfg = Debug|x64
		{F2F2EE57-376B-4456-9D11-F641B86D771B}.Debug|x64.Build.0 = Debug|x64
		{F2F2EE57-376B-4456-9D11-F641B86D771B}.Debug|x86.ActiveCfg = Debug|x86
		{F2F2EE57-376B-4456-9D11-F641B86D771B}.Debug|x86.Build.0 = Debug|x86
		{F2F2EE57-376B-4456-9D11-F641B86D771B}.Release|Any CPU.ActiveCfg = Release|Any CPU
		{F2F2EE57-376B-4456-9D11-F641B86D771B}.Release|Any CPU.Build.0 = Release|Any CPU
		{F2F2EE57-376B-4456-9D11-F641B86D771B}.Release|ARM.ActiveCfg = Release|ARM
		{F2F2EE57-376B-4456-9D11-F641B86D771B}.Release|ARM.Build.0 = Release|ARM
		{F2F2EE57-376B-4456-9D11-F641B86D771B}.Release|ARM64.ActiveCfg = Release|ARM64
		{F2F2EE57-376B-4456-9D11-F641B86D771B}.Release|ARM64.Build.0 = Release|ARM64
		{F2F2EE57-376B-4456-9D11-F641B86D771B}.Release|x64.ActiveCfg = Release|x64
		{F2F2EE57-376B-4456-9D11-F641B86D771B}.Release|x64.Build.0 = Release|x64
		{F2F2EE57-376B-4456-9D11-F641B86D771B}.Release|x86.ActiveCfg = Release|x86
		{F2F2EE57-376B-4456-9D11-F641B86D771B}.Release|x86.Build.0 = Release|x86
		{86A0B47F-5CD2-42A0-8543-50CD63A10F4E}.Debug|Any CPU.ActiveCfg = Debug|Any CPU
		{86A0B47F-5CD2-42A0-8543-50CD63A10F4E}.Debug|Any CPU.Build.0 = Debug|Any CPU
		{86A0B47F-5CD2-42A0-8543-50CD63A10F4E}.Debug|ARM.ActiveCfg = Debug|ARM
		{86A0B47F-5CD2-42A0-8543-50CD63A10F4E}.Debug|ARM.Build.0 = Debug|ARM
		{86A0B47F-5CD2-42A0-8543-50CD63A10F4E}.Debug|ARM64.ActiveCfg = Debug|ARM64
		{86A0B47F-5CD2-42A0-8543-50CD63A10F4E}.Debug|ARM64.Build.0 = Debug|ARM64
		{86A0B47F-5CD2-42A0-8543-50CD63A10F4E}.Debug|x64.ActiveCfg = Debug|x64
		{86A0B47F-5CD2-42A0-8543-50CD63A10F4E}.Debug|x64.Build.0 = Debug|x64
		{86A0B47F-5CD2-42A0-8543-50CD63A10F4E}.Debug|x86.ActiveCfg = Debug|x86
		{86A0B47F-5CD2-42A0-8543-50CD63A10F4E}.Debug|x86.Build.0 = Debug|x86
		{86A0B47F-5CD2-42A0-8543-50CD63A10F4E}.Release|Any CPU.ActiveCfg = Release|Any CPU
		{86A0B47F-5CD2-42A0-8543-50CD63A10F4E}.Release|Any CPU.Build.0 = Release|Any CPU
		{86A0B47F-5CD2-42A0-8543-50CD63A10F4E}.Release|ARM.ActiveCfg = Release|ARM
		{86A0B47F-5CD2-42A0-8543-50CD63A10F4E}.Release|ARM.Build.0 = Release|ARM
		{86A0B47F-5CD2-42A0-8543-50CD63A10F4E}.Release|ARM64.ActiveCfg = Release|ARM64
		{86A0B47F-5CD2-42A0-8543-50CD63A10F4E}.Release|ARM64.Build.0 = Release|ARM64
		{86A0B47F-5CD2-42A0-8543-50CD63A10F4E}.Release|x64.ActiveCfg = Release|x64
		{86A0B47F-5CD2-42A0-8543-50CD63A10F4E}.Release|x64.Build.0 = Release|x64
		{86A0B47F-5CD2-42A0-8543-50CD63A10F4E}.Release|x86.ActiveCfg = Release|x86
		{86A0B47F-5CD2-42A0-8543-50CD63A10F4E}.Release|x86.Build.0 = Release|x86
	EndGlobalSection
	GlobalSection(SolutionProperties) = preSolution
		HideSolutionNode = FALSE
	EndGlobalSection
	GlobalSection(ExtensibilityGlobals) = postSolution
		SolutionGuid = {16EF9019-451E-468D-B499-F56FA962D72F}
	EndGlobalSection
EndGlobal
